
Microsoft Visual Studio Solution File, Format Version 12.00
# Visual Studio Version 17
VisualStudioVersion = 17.10.35013.160
MinimumVisualStudioVersion = 10.0.40219.1
Project("{2150E333-8FDC-42A3-9474-1A3956D46DE8}") = "3 - Solution Items", "3 - Solution Items", "{ABC08BA7-BCFC-4A14-A32C-46AC3623C51C}"
	ProjectSection(SolutionItems) = preProject
		docker-compose.yml = docker-compose.yml
		README.md = README.md
	EndProjectSection
EndProject
Project("{2150E333-8FDC-42A3-9474-1A3956D46DE8}") = "1 - TopUpService", "1 - TopUpService", "{558DD819-471A-4F9C-BD43-975719F3F496}"
EndProject
Project("{2150E333-8FDC-42A3-9474-1A3956D46DE8}") = "2 - AccountService", "2 - AccountService", "{1D9E5CC1-0BE2-4C13-9C65-B9D55A92564D}"
EndProject
Project("{9A19103F-16F7-4668-BE54-9A1E7A4F7556}") = "Backend.TopUp.Api", "src\TopUpService\TopUp.Backend.Api\Backend.TopUp.Api.csproj", "{238D015D-324A-441B-9E0F-A1F1762721A4}"
EndProject
Project("{9A19103F-16F7-4668-BE54-9A1E7A4F7556}") = "Backend.TopUp.Application", "src\TopUpService\TopUp.Backend.Application\Backend.TopUp.Application.csproj", "{B23790A0-A63F-4975-9411-38574FEB873B}"
EndProject
Project("{9A19103F-16F7-4668-BE54-9A1E7A4F7556}") = "Backend.TopUp.Core", "src\TopUpService\TopUp.Backend.Core\Backend.TopUp.Core.csproj", "{89ABB81D-1BBB-4A92-9255-60F76BAF009A}"
EndProject
Project("{9A19103F-16F7-4668-BE54-9A1E7A4F7556}") = "Backend.TopUp.Infrastructure", "src\TopUpService\TopUp.Backend.Infrastructure\Backend.TopUp.Infrastructure.csproj", "{A3D7FB1A-02BE-4199-834F-576563B1B9FC}"
EndProject
Project("{9A19103F-16F7-4668-BE54-9A1E7A4F7556}") = "Backend.TopUp.Tests", "src\TopUpService\TopUp.Backend.Tests\Backend.TopUp.Tests.csproj", "{50CE2C00-BF48-43C3-AACB-ABFF2F11A74D}"
EndProject
Project("{9A19103F-16F7-4668-BE54-9A1E7A4F7556}") = "Backend.Account.Api", "src\AccountService\Backend.Account.Api\Backend.Account.Api.csproj", "{1E746EB9-7CCD-48C7-B6CF-6ED29F10C338}"
EndProject
Project("{2150E333-8FDC-42A3-9474-1A3956D46DE8}") = "3 - FakeUserService", "3 - FakeUserService", "{379B7921-328F-4F99-8395-984650F5BE16}"
EndProject
Project("{9A19103F-16F7-4668-BE54-9A1E7A4F7556}") = "Backend.FakeUser", "src\FakeUserService\FakeUser.Backend\Backend.FakeUser.csproj", "{F3DC845D-8BC0-4206-BB58-76EDA587C086}"
EndProject
Global
	GlobalSection(SolutionConfigurationPlatforms) = preSolution
		Debug|Any CPU = Debug|Any CPU
		Release|Any CPU = Release|Any CPU
	EndGlobalSection
	GlobalSection(ProjectConfigurationPlatforms) = postSolution
		{238D015D-324A-441B-9E0F-A1F1762721A4}.Debug|Any CPU.ActiveCfg = Debug|Any CPU
		{238D015D-324A-441B-9E0F-A1F1762721A4}.Debug|Any CPU.Build.0 = Debug|Any CPU
		{238D015D-324A-441B-9E0F-A1F1762721A4}.Release|Any CPU.ActiveCfg = Release|Any CPU
		{238D015D-324A-441B-9E0F-A1F1762721A4}.Release|Any CPU.Build.0 = Release|Any CPU
		{B23790A0-A63F-4975-9411-38574FEB873B}.Debug|Any CPU.ActiveCfg = Debug|Any CPU
		{B23790A0-A63F-4975-9411-38574FEB873B}.Debug|Any CPU.Build.0 = Debug|Any CPU
		{B23790A0-A63F-4975-9411-38574FEB873B}.Release|Any CPU.ActiveCfg = Release|Any CPU
		{B23790A0-A63F-4975-9411-38574FEB873B}.Release|Any CPU.Build.0 = Release|Any CPU
		{89ABB81D-1BBB-4A92-9255-60F76BAF009A}.Debug|Any CPU.ActiveCfg = Debug|Any CPU
		{89ABB81D-1BBB-4A92-9255-60F76BAF009A}.Debug|Any CPU.Build.0 = Debug|Any CPU
		{89ABB81D-1BBB-4A92-9255-60F76BAF009A}.Release|Any CPU.ActiveCfg = Release|Any CPU
		{89ABB81D-1BBB-4A92-9255-60F76BAF009A}.Release|Any CPU.Build.0 = Release|Any CPU
		{A3D7FB1A-02BE-4199-834F-576563B1B9FC}.Debug|Any CPU.ActiveCfg = Debug|Any CPU
		{A3D7FB1A-02BE-4199-834F-576563B1B9FC}.Debug|Any CPU.Build.0 = Debug|Any CPU
		{A3D7FB1A-02BE-4199-834F-576563B1B9FC}.Release|Any CPU.ActiveCfg = Release|Any CPU
		{A3D7FB1A-02BE-4199-834F-576563B1B9FC}.Release|Any CPU.Build.0 = Release|Any CPU
		{50CE2C00-BF48-43C3-AACB-ABFF2F11A74D}.Debug|Any CPU.ActiveCfg = Debug|Any CPU
		{50CE2C00-BF48-43C3-AACB-ABFF2F11A74D}.Debug|Any CPU.Build.0 = Debug|Any CPU
		{50CE2C00-BF48-43C3-AACB-ABFF2F11A74D}.Release|Any CPU.ActiveCfg = Release|Any CPU
		{50CE2C00-BF48-43C3-AACB-ABFF2F11A74D}.Release|Any CPU.Build.0 = Release|Any CPU
		{1E746EB9-7CCD-48C7-B6CF-6ED29F10C338}.Debug|Any CPU.ActiveCfg = Debug|Any CPU
		{1E746EB9-7CCD-48C7-B6CF-6ED29F10C338}.Debug|Any CPU.Build.0 = Debug|Any CPU
		{1E746EB9-7CCD-48C7-B6CF-6ED29F10C338}.Release|Any CPU.ActiveCfg = Release|Any CPU
		{1E746EB9-7CCD-48C7-B6CF-6ED29F10C338}.Release|Any CPU.Build.0 = Release|Any CPU
		{F3DC845D-8BC0-4206-BB58-76EDA587C086}.Debug|Any CPU.ActiveCfg = Debug|Any CPU
		{F3DC845D-8BC0-4206-BB58-76EDA587C086}.Debug|Any CPU.Build.0 = Debug|Any CPU
		{F3DC845D-8BC0-4206-BB58-76EDA587C086}.Release|Any CPU.ActiveCfg = Release|Any CPU
		{F3DC845D-8BC0-4206-BB58-76EDA587C086}.Release|Any CPU.Build.0 = Release|Any CPU
	EndGlobalSection
	GlobalSection(SolutionProperties) = preSolution
		HideSolutionNode = FALSE
	EndGlobalSection
	GlobalSection(NestedProjects) = preSolution
		{238D015D-324A-441B-9E0F-A1F1762721A4} = {558DD819-471A-4F9C-BD43-975719F3F496}
		{B23790A0-A63F-4975-9411-38574FEB873B} = {558DD819-471A-4F9C-BD43-975719F3F496}
		{89ABB81D-1BBB-4A92-9255-60F76BAF009A} = {558DD819-471A-4F9C-BD43-975719F3F496}
		{A3D7FB1A-02BE-4199-834F-576563B1B9FC} = {558DD819-471A-4F9C-BD43-975719F3F496}
		{50CE2C00-BF48-43C3-AACB-ABFF2F11A74D} = {558DD819-471A-4F9C-BD43-975719F3F496}
		{1E746EB9-7CCD-48C7-B6CF-6ED29F10C338} = {1D9E5CC1-0BE2-4C13-9C65-B9D55A92564D}
		{F3DC845D-8BC0-4206-BB58-76EDA587C086} = {379B7921-328F-4F99-8395-984650F5BE16}
	EndGlobalSection
	GlobalSection(ExtensibilityGlobals) = postSolution
		SolutionGuid = {D3877757-33FB-44B3-8BE2-30B9FD697C49}
	EndGlobalSection
EndGlobal
